
Microsoft Visual Studio Solution File, Format Version 12.00
# Visual Studio Version 17
VisualStudioVersion = 17.7.34018.315
MinimumVisualStudioVersion = 10.0.40219.1
Project("{FAE04EC0-301F-11D3-BF4B-00C04F79EFBC}") = "SingletonPattern", "SingletonPattern\SingletonPattern.csproj", "{6384ECDC-A716-4B29-9A23-32BAC955BEBB}"
EndProject
Global
	GlobalSection(SolutionConfigurationPlatforms) = preSolution
		Debug|Any CPU = Debug|Any CPU
		Release|Any CPU = Release|Any CPU
	EndGlobalSection
	GlobalSection(ProjectConfigurationPlatforms) = postSolution
		{6384ECDC-A716-4B29-9A23-32BAC955BEBB}.Debug|Any CPU.ActiveCfg = Debug|Any CPU
		{6384ECDC-A716-4B29-9A23-32BAC955BEBB}.Debug|Any CPU.Build.0 = Debug|Any CPU
		{6384ECDC-A716-4B29-9A23-32BAC955BEBB}.Release|Any CPU.ActiveCfg = Release|Any CPU
		{6384ECDC-A716-4B29-9A23-32BAC955BEBB}.Release|Any CPU.Build.0 = Release|Any CPU
	EndGlobalSection
	GlobalSection(SolutionProperties) = preSolution
		HideSolutionNode = FALSE
	EndGlobalSection
	GlobalSection(ExtensibilityGlobals) = postSolution
		SolutionGuid = {553D92F5-7064-42D7-BD4B-010530975BA3}
	EndGlobalSection
EndGlobal
